
Microsoft Visual Studio Solution File, Format Version 12.00
# Visual Studio 15
VisualStudioVersion = 15.0.27428.2015
MinimumVisualStudioVersion = 10.0.40219.1
Project("{FAE04EC0-301F-11D3-BF4B-00C04F79EFBC}") = "addressbook-web-tests", "addressbook-web-tests\addressbook-web-tests.csproj", "{506ACF19-508D-477D-832F-5F46FA188225}"
EndProject
Global
	GlobalSection(SolutionConfigurationPlatforms) = preSolution
		Debug|Any CPU = Debug|Any CPU
		Release|Any CPU = Release|Any CPU
	EndGlobalSection
	GlobalSection(ProjectConfigurationPlatforms) = postSolution
		{506ACF19-508D-477D-832F-5F46FA188225}.Debug|Any CPU.ActiveCfg = Debug|Any CPU
		{506ACF19-508D-477D-832F-5F46FA188225}.Debug|Any CPU.Build.0 = Debug|Any CPU
		{506ACF19-508D-477D-832F-5F46FA188225}.Release|Any CPU.ActiveCfg = Release|Any CPU
		{506ACF19-508D-477D-832F-5F46FA188225}.Release|Any CPU.Build.0 = Release|Any CPU
	EndGlobalSection
	GlobalSection(SolutionProperties) = preSolution
		HideSolutionNode = FALSE
	EndGlobalSection
	GlobalSection(ExtensibilityGlobals) = postSolution
		SolutionGuid = {915EAFFF-F740-4495-9E97-32B763F8030E}
	EndGlobalSection
EndGlobal
